{
  "object": {
    "pins": [
      {
        "package": "ARVideoKit",
        "repositoryURL": "https://github.com/AFathi/ARVideoKit",
        "state": {
          "branch": null,
          "revision": "8eabd3193125812439ac82dc81bf99dc79886722",
          "version": "1.6.0"
        }
      },
      {
        "package": "EyeTrackKit",
        "repositoryURL": "https://github.com/ukitomato/EyeTrackKit",
        "state": {
          "branch": null,
          "revision": "d40b9f3b12c512286c8a61108f16b4cded953ce0",
          "version": "0.8.0"
        }
      },
      {
        "package": "Resolver",
        "repositoryURL": "https://github.com/hmlongco/Resolver",
        "state": {
          "branch": null,
          "revision": "e0bcbc721818328c192a1eb22c6a6ca48029e550",
          "version": "1.4.1"
        }
      }
    ]
  },
  "version": 1
}
